
Microsoft Visual Studio Solution File, Format Version 12.00
Project("{FAE04EC0-301F-11D3-BF4B-00C04F79EFBC}") = "contabilidad 1", "contabilidad 1\contabilidad 1.csproj", "{581DD6AB-DD7B-40B6-ABB7-5E83B73596B2}"
EndProject
Global
	GlobalSection(SolutionConfigurationPlatforms) = preSolution
		Debug|Any CPU = Debug|Any CPU
		Release|Any CPU = Release|Any CPU
	EndGlobalSection
	GlobalSection(ProjectConfigurationPlatforms) = postSolution
		{581DD6AB-DD7B-40B6-ABB7-5E83B73596B2}.Debug|Any CPU.ActiveCfg = Debug|Any CPU
		{581DD6AB-DD7B-40B6-ABB7-5E83B73596B2}.Debug|Any CPU.Build.0 = Debug|Any CPU
		{581DD6AB-DD7B-40B6-ABB7-5E83B73596B2}.Release|Any CPU.ActiveCfg = Release|Any CPU
		{581DD6AB-DD7B-40B6-ABB7-5E83B73596B2}.Release|Any CPU.Build.0 = Release|Any CPU
	EndGlobalSection
EndGlobal
